// !$*UTF8*$!
{
	archiveVersion = 1;
	classes = {
	};
	objectVersion = 56;
	objects = {

/* Begin PBXBuildFile section */
		6A32EA338C58C2B6DE6C5A43 /* Pods_Messenger.framework in Frameworks */ = {isa = PBXBuildFile; fileRef = DC7E69FCC654D404C4483B86 /* Pods_Messenger.framework */; };
		D62262C62A08BE8B003670A9 /* FirebaseUserListener.swift in Sources */ = {isa = PBXBuildFile; fileRef = D62262C52A08BE8B003670A9 /* FirebaseUserListener.swift */; };
		D6B558ED2A07AC410044D9AA /* GoogleService-Info.plist in Resources */ = {isa = PBXBuildFile; fileRef = D6B558EC2A07AC410044D9AA /* GoogleService-Info.plist */; };
		D6B5EB732A0AA2AB0049BEFD /* FileStorageFirebase.swift in Sources */ = {isa = PBXBuildFile; fileRef = D6B5EB722A0AA2AB0049BEFD /* FileStorageFirebase.swift */; };
		D6B5EB752A0AAF280049BEFD /* FileStorageHelp .swift in Sources */ = {isa = PBXBuildFile; fileRef = D6B5EB742A0AAF280049BEFD /* FileStorageHelp .swift */; };
		D6BA9E502A0B7E0C004E68A0 /* AllExtensions.swift in Sources */ = {isa = PBXBuildFile; fileRef = D6BA9E4F2A0B7E0C004E68A0 /* AllExtensions.swift */; };
		D6BA9E522A0F4575004E68A0 /* Status.swift in Sources */ = {isa = PBXBuildFile; fileRef = D6BA9E512A0F4575004E68A0 /* Status.swift */; };
		D6BA9E542A0F502C004E68A0 /* StatusTableViewController.swift in Sources */ = {isa = PBXBuildFile; fileRef = D6BA9E532A0F502C004E68A0 /* StatusTableViewController.swift */; };
		D6BA9E592A10E053004E68A0 /* UsersTableViewCell.swift in Sources */ = {isa = PBXBuildFile; fileRef = D6BA9E582A10E053004E68A0 /* UsersTableViewCell.swift */; };
		D6BA9E5B2A10E06C004E68A0 /* UsersTableViewController.swift in Sources */ = {isa = PBXBuildFile; fileRef = D6BA9E5A2A10E06C004E68A0 /* UsersTableViewController.swift */; };
		D6BA9E5E2A122A38004E68A0 /* ProfileTableViewController.swift in Sources */ = {isa = PBXBuildFile; fileRef = D6BA9E5D2A122A38004E68A0 /* ProfileTableViewController.swift */; };
		D6C550942A07D024001DD07A /* User.swift in Sources */ = {isa = PBXBuildFile; fileRef = D6C550932A07D024001DD07A /* User.swift */; };
		D6C550972A07D1E1001DD07A /* Constant.swift in Sources */ = {isa = PBXBuildFile; fileRef = D6C550962A07D1E1001DD07A /* Constant.swift */; };
		D6C550992A08BCC1001DD07A /* FirebaseCollectionReference.swift in Sources */ = {isa = PBXBuildFile; fileRef = D6C550982A08BCC1001DD07A /* FirebaseCollectionReference.swift */; };
		D6C741432A0A6CFB00B1293B /* EditProfileTableViewController.swift in Sources */ = {isa = PBXBuildFile; fileRef = D6C741422A0A6CFB00B1293B /* EditProfileTableViewController.swift */; };
		D6E235132A0A40F2002EB4F1 /* SettingTableViewController.swift in Sources */ = {isa = PBXBuildFile; fileRef = D6E235122A0A40F2002EB4F1 /* SettingTableViewController.swift */; };
		D6E9A8D02A064D6500A963A7 /* AppDelegate.swift in Sources */ = {isa = PBXBuildFile; fileRef = D6E9A8CF2A064D6500A963A7 /* AppDelegate.swift */; };
		D6E9A8D22A064D6500A963A7 /* SceneDelegate.swift in Sources */ = {isa = PBXBuildFile; fileRef = D6E9A8D12A064D6500A963A7 /* SceneDelegate.swift */; };
		D6E9A8D42A064D6500A963A7 /* LoginViewController.swift in Sources */ = {isa = PBXBuildFile; fileRef = D6E9A8D32A064D6500A963A7 /* LoginViewController.swift */; };
		D6E9A8D72A064D6500A963A7 /* Main.storyboard in Resources */ = {isa = PBXBuildFile; fileRef = D6E9A8D52A064D6500A963A7 /* Main.storyboard */; };
		D6E9A8D92A064D6700A963A7 /* Assets.xcassets in Resources */ = {isa = PBXBuildFile; fileRef = D6E9A8D82A064D6700A963A7 /* Assets.xcassets */; };
		D6E9A8DC2A064D6700A963A7 /* LaunchScreen.storyboard in Resources */ = {isa = PBXBuildFile; fileRef = D6E9A8DA2A064D6700A963A7 /* LaunchScreen.storyboard */; };
		D6F8FB7B2A19F268005B892B /* RecentConversation.swift in Sources */ = {isa = PBXBuildFile; fileRef = D6F8FB7A2A19F267005B892B /* RecentConversation.swift */; };
		D6F8FB7E2A1A070B005B892B /* ConversationTableViewCell.swift in Sources */ = {isa = PBXBuildFile; fileRef = D6F8FB7D2A1A070B005B892B /* ConversationTableViewCell.swift */; };
		D6F8FB802A1A11E2005B892B /* StartConversation.swift in Sources */ = {isa = PBXBuildFile; fileRef = D6F8FB7F2A1A11E2005B892B /* StartConversation.swift */; };
		D6F8FB822A1A1676005B892B /* RecentListenerFirebase.swift in Sources */ = {isa = PBXBuildFile; fileRef = D6F8FB812A1A1676005B892B /* RecentListenerFirebase.swift */; };
		D6F8FB842A1AF4A7005B892B /* ChatsTableViewController.swift in Sources */ = {isa = PBXBuildFile; fileRef = D6F8FB832A1AF4A7005B892B /* ChatsTableViewController.swift */; };
/* End PBXBuildFile section */

/* Begin PBXFileReference section */
		4B4B6F1115CFF08BA8ED996E /* Pods-Messenger.release.xcconfig */ = {isa = PBXFileReference; includeInIndex = 1; lastKnownFileType = text.xcconfig; name = "Pods-Messenger.release.xcconfig"; path = "Target Support Files/Pods-Messenger/Pods-Messenger.release.xcconfig"; sourceTree = "<group>"; };
		BEDA19123E87B8C4A1FB6BA4 /* Pods-Messenger.debug.xcconfig */ = {isa = PBXFileReference; includeInIndex = 1; lastKnownFileType = text.xcconfig; name = "Pods-Messenger.debug.xcconfig"; path = "Target Support Files/Pods-Messenger/Pods-Messenger.debug.xcconfig"; sourceTree = "<group>"; };
		D62262C52A08BE8B003670A9 /* FirebaseUserListener.swift */ = {isa = PBXFileReference; lastKnownFileType = sourcecode.swift; path = FirebaseUserListener.swift; sourceTree = "<group>"; };
		D6B558EC2A07AC410044D9AA /* GoogleService-Info.plist */ = {isa = PBXFileReference; fileEncoding = 4; lastKnownFileType = text.plist.xml; path = "GoogleService-Info.plist"; sourceTree = "<group>"; };
		D6B5EB722A0AA2AB0049BEFD /* FileStorageFirebase.swift */ = {isa = PBXFileReference; lastKnownFileType = sourcecode.swift; path = FileStorageFirebase.swift; sourceTree = "<group>"; };
		D6B5EB742A0AAF280049BEFD /* FileStorageHelp .swift */ = {isa = PBXFileReference; lastKnownFileType = sourcecode.swift; path = "FileStorageHelp .swift"; sourceTree = "<group>"; };
		D6BA9E4F2A0B7E0C004E68A0 /* AllExtensions.swift */ = {isa = PBXFileReference; lastKnownFileType = sourcecode.swift; path = AllExtensions.swift; sourceTree = "<group>"; };
		D6BA9E512A0F4575004E68A0 /* Status.swift */ = {isa = PBXFileReference; lastKnownFileType = sourcecode.swift; path = Status.swift; sourceTree = "<group>"; };
		D6BA9E532A0F502C004E68A0 /* StatusTableViewController.swift */ = {isa = PBXFileReference; lastKnownFileType = sourcecode.swift; path = StatusTableViewController.swift; sourceTree = "<group>"; };
		D6BA9E582A10E053004E68A0 /* UsersTableViewCell.swift */ = {isa = PBXFileReference; lastKnownFileType = sourcecode.swift; path = UsersTableViewCell.swift; sourceTree = "<group>"; };
		D6BA9E5A2A10E06C004E68A0 /* UsersTableViewController.swift */ = {isa = PBXFileReference; lastKnownFileType = sourcecode.swift; path = UsersTableViewController.swift; sourceTree = "<group>"; };
		D6BA9E5D2A122A38004E68A0 /* ProfileTableViewController.swift */ = {isa = PBXFileReference; lastKnownFileType = sourcecode.swift; path = ProfileTableViewController.swift; sourceTree = "<group>"; };
		D6C550932A07D024001DD07A /* User.swift */ = {isa = PBXFileReference; lastKnownFileType = sourcecode.swift; path = User.swift; sourceTree = "<group>"; };
		D6C550962A07D1E1001DD07A /* Constant.swift */ = {isa = PBXFileReference; lastKnownFileType = sourcecode.swift; path = Constant.swift; sourceTree = "<group>"; };
		D6C550982A08BCC1001DD07A /* FirebaseCollectionReference.swift */ = {isa = PBXFileReference; lastKnownFileType = sourcecode.swift; path = FirebaseCollectionReference.swift; sourceTree = "<group>"; };
		D6C741422A0A6CFB00B1293B /* EditProfileTableViewController.swift */ = {isa = PBXFileReference; lastKnownFileType = sourcecode.swift; name = EditProfileTableViewController.swift; path = Messenger/SettingViewController/EditProfileTableViewController.swift; sourceTree = SOURCE_ROOT; };
		D6E235122A0A40F2002EB4F1 /* SettingTableViewController.swift */ = {isa = PBXFileReference; lastKnownFileType = sourcecode.swift; name = SettingTableViewController.swift; path = "../New Group/SettingTableViewController.swift"; sourceTree = "<group>"; };
		D6E9A8CC2A064D6500A963A7 /* Messenger.app */ = {isa = PBXFileReference; explicitFileType = wrapper.application; includeInIndex = 0; path = Messenger.app; sourceTree = BUILT_PRODUCTS_DIR; };
		D6E9A8CF2A064D6500A963A7 /* AppDelegate.swift */ = {isa = PBXFileReference; lastKnownFileType = sourcecode.swift; path = AppDelegate.swift; sourceTree = "<group>"; };
		D6E9A8D12A064D6500A963A7 /* SceneDelegate.swift */ = {isa = PBXFileReference; lastKnownFileType = sourcecode.swift; path = SceneDelegate.swift; sourceTree = "<group>"; };
		D6E9A8D32A064D6500A963A7 /* LoginViewController.swift */ = {isa = PBXFileReference; lastKnownFileType = sourcecode.swift; path = LoginViewController.swift; sourceTree = "<group>"; };
		D6E9A8D62A064D6500A963A7 /* Base */ = {isa = PBXFileReference; lastKnownFileType = file.storyboard; name = Base; path = Base.lproj/Main.storyboard; sourceTree = "<group>"; };
		D6E9A8D82A064D6700A963A7 /* Assets.xcassets */ = {isa = PBXFileReference; lastKnownFileType = folder.assetcatalog; path = Assets.xcassets; sourceTree = "<group>"; };
		D6E9A8DB2A064D6700A963A7 /* Base */ = {isa = PBXFileReference; lastKnownFileType = file.storyboard; name = Base; path = Base.lproj/LaunchScreen.storyboard; sourceTree = "<group>"; };
		D6E9A8DD2A064D6700A963A7 /* Info.plist */ = {isa = PBXFileReference; lastKnownFileType = text.plist.xml; path = Info.plist; sourceTree = "<group>"; };
		D6F8FB7A2A19F267005B892B /* RecentConversation.swift */ = {isa = PBXFileReference; lastKnownFileType = sourcecode.swift; path = RecentConversation.swift; sourceTree = "<group>"; };
		D6F8FB7D2A1A070B005B892B /* ConversationTableViewCell.swift */ = {isa = PBXFileReference; lastKnownFileType = sourcecode.swift; path = ConversationTableViewCell.swift; sourceTree = "<group>"; };
		D6F8FB7F2A1A11E2005B892B /* StartConversation.swift */ = {isa = PBXFileReference; lastKnownFileType = sourcecode.swift; path = StartConversation.swift; sourceTree = "<group>"; };
		D6F8FB812A1A1676005B892B /* RecentListenerFirebase.swift */ = {isa = PBXFileReference; lastKnownFileType = sourcecode.swift; path = RecentListenerFirebase.swift; sourceTree = "<group>"; };
		D6F8FB832A1AF4A7005B892B /* ChatsTableViewController.swift */ = {isa = PBXFileReference; lastKnownFileType = sourcecode.swift; path = ChatsTableViewController.swift; sourceTree = "<group>"; };
		DC7E69FCC654D404C4483B86 /* Pods_Messenger.framework */ = {isa = PBXFileReference; explicitFileType = wrapper.framework; includeInIndex = 0; path = Pods_Messenger.framework; sourceTree = BUILT_PRODUCTS_DIR; };
/* End PBXFileReference section */

/* Begin PBXFrameworksBuildPhase section */
		D6E9A8C92A064D6500A963A7 /* Frameworks */ = {
			isa = PBXFrameworksBuildPhase;
			buildActionMask = 2147483647;
			files = (
				6A32EA338C58C2B6DE6C5A43 /* Pods_Messenger.framework in Frameworks */,
			);
			runOnlyForDeploymentPostprocessing = 0;
		};
/* End PBXFrameworksBuildPhase section */

/* Begin PBXGroup section */
		3D51B237829DF4A04754CAA5 /* Pods */ = {
			isa = PBXGroup;
			children = (
				BEDA19123E87B8C4A1FB6BA4 /* Pods-Messenger.debug.xcconfig */,
				4B4B6F1115CFF08BA8ED996E /* Pods-Messenger.release.xcconfig */,
			);
			path = Pods;
			sourceTree = "<group>";
		};
		746F311CDCBCEC44B052A9C2 /* Frameworks */ = {
			isa = PBXGroup;
			children = (
				DC7E69FCC654D404C4483B86 /* Pods_Messenger.framework */,
			);
			name = Frameworks;
			sourceTree = "<group>";
		};
		D62262C72A08E8C6003670A9 /* Help */ = {
			isa = PBXGroup;
			children = (
				D6C550962A07D1E1001DD07A /* Constant.swift */,
				D6B5EB742A0AAF280049BEFD /* FileStorageHelp .swift */,
				D6BA9E4F2A0B7E0C004E68A0 /* AllExtensions.swift */,
				D6F8FB7F2A1A11E2005B892B /* StartConversation.swift */,
			);
			path = Help;
			sourceTree = "<group>";
		};
		D6BA9E572A0F98CA004E68A0 /* SettingViewController */ = {
			isa = PBXGroup;
			children = (
				D6E235122A0A40F2002EB4F1 /* SettingTableViewController.swift */,
				D6C741422A0A6CFB00B1293B /* EditProfileTableViewController.swift */,
				D6BA9E532A0F502C004E68A0 /* StatusTableViewController.swift */,
			);
			path = SettingViewController;
			sourceTree = "<group>";
		};
		D6BA9E5C2A1229FF004E68A0 /* Views */ = {
			isa = PBXGroup;
			children = (
				D6BA9E5A2A10E06C004E68A0 /* UsersTableViewController.swift */,
				D6BA9E5D2A122A38004E68A0 /* ProfileTableViewController.swift */,
				D6F8FB832A1AF4A7005B892B /* ChatsTableViewController.swift */,
			);
			path = Views;
			sourceTree = "<group>";
		};
		D6C550952A07D029001DD07A /* Database */ = {
			isa = PBXGroup;
			children = (
				D6C550932A07D024001DD07A /* User.swift */,
				D6BA9E512A0F4575004E68A0 /* Status.swift */,
				D6F8FB7A2A19F267005B892B /* RecentConversation.swift */,
			);
			path = Database;
			sourceTree = "<group>";
		};
		D6C5509A2A08BD2D001DD07A /* Firebase */ = {
			isa = PBXGroup;
			children = (
				D6C550982A08BCC1001DD07A /* FirebaseCollectionReference.swift */,
				D62262C52A08BE8B003670A9 /* FirebaseUserListener.swift */,
				D6B5EB722A0AA2AB0049BEFD /* FileStorageFirebase.swift */,
				D6F8FB812A1A1676005B892B /* RecentListenerFirebase.swift */,
			);
			path = Firebase;
			sourceTree = "<group>";
		};
		D6E9A8C32A064D6500A963A7 = {
			isa = PBXGroup;
			children = (
				D6E9A8CE2A064D6500A963A7 /* Messenger */,
				D6E9A8CD2A064D6500A963A7 /* Products */,
				3D51B237829DF4A04754CAA5 /* Pods */,
				746F311CDCBCEC44B052A9C2 /* Frameworks */,
			);
			sourceTree = "<group>";
		};
		D6E9A8CD2A064D6500A963A7 /* Products */ = {
			isa = PBXGroup;
			children = (
				D6E9A8CC2A064D6500A963A7 /* Messenger.app */,
			);
			name = Products;
			sourceTree = "<group>";
		};
		D6E9A8CE2A064D6500A963A7 /* Messenger */ = {
			isa = PBXGroup;
			children = (
				D6E9A8CF2A064D6500A963A7 /* AppDelegate.swift */,
				D6E9A8D12A064D6500A963A7 /* SceneDelegate.swift */,
				D6BA9E5C2A1229FF004E68A0 /* Views */,
				D6F8FB7C2A1A0585005B892B /* CustomCell */,
				D6BA9E572A0F98CA004E68A0 /* SettingViewController */,
				D6E9A8D32A064D6500A963A7 /* LoginViewController.swift */,
				D6E9A8D52A064D6500A963A7 /* Main.storyboard */,
				D6E9A8D82A064D6700A963A7 /* Assets.xcassets */,
				D6E9A8DA2A064D6700A963A7 /* LaunchScreen.storyboard */,
				D6E9A8DD2A064D6700A963A7 /* Info.plist */,
				D6B558EC2A07AC410044D9AA /* GoogleService-Info.plist */,
				D62262C72A08E8C6003670A9 /* Help */,
				D6C5509A2A08BD2D001DD07A /* Firebase */,
				D6C550952A07D029001DD07A /* Database */,
			);
			path = Messenger;
			sourceTree = "<group>";
		};
		D6F8FB7C2A1A0585005B892B /* CustomCell */ = {
			isa = PBXGroup;
			children = (
				D6BA9E582A10E053004E68A0 /* UsersTableViewCell.swift */,
				D6F8FB7D2A1A070B005B892B /* ConversationTableViewCell.swift */,
			);
			path = CustomCell;
			sourceTree = "<group>";
		};
/* End PBXGroup section */

/* Begin PBXNativeTarget section */
		D6E9A8CB2A064D6500A963A7 /* Messenger */ = {
			isa = PBXNativeTarget;
			buildConfigurationList = D6E9A8E02A064D6700A963A7 /* Build configuration list for PBXNativeTarget "Messenger" */;
			buildPhases = (
				B7925D58997E7BBC83CBB44A /* [CP] Check Pods Manifest.lock */,
				D6E9A8C82A064D6500A963A7 /* Sources */,
				D6E9A8C92A064D6500A963A7 /* Frameworks */,
				D6E9A8CA2A064D6500A963A7 /* Resources */,
				26317816B1F2084FE9B27453 /* [CP] Embed Pods Frameworks */,
			);
			buildRules = (
			);
			dependencies = (
			);
			name = Messenger;
			productName = Messenger;
			productReference = D6E9A8CC2A064D6500A963A7 /* Messenger.app */;
			productType = "com.apple.product-type.application";
		};
/* End PBXNativeTarget section */

/* Begin PBXProject section */
		D6E9A8C42A064D6500A963A7 /* Project object */ = {
			isa = PBXProject;
			attributes = {
				BuildIndependentTargetsInParallel = 1;
				LastSwiftUpdateCheck = 1430;
				LastUpgradeCheck = 1430;
				TargetAttributes = {
					D6E9A8CB2A064D6500A963A7 = {
						CreatedOnToolsVersion = 14.3;
					};
				};
			};
			buildConfigurationList = D6E9A8C72A064D6500A963A7 /* Build configuration list for PBXProject "Messenger" */;
			compatibilityVersion = "Xcode 14.0";
			developmentRegion = en;
			hasScannedForEncodings = 0;
			knownRegions = (
				en,
				Base,
			);
			mainGroup = D6E9A8C32A064D6500A963A7;
			productRefGroup = D6E9A8CD2A064D6500A963A7 /* Products */;
			projectDirPath = "";
			projectRoot = "";
			targets = (
				D6E9A8CB2A064D6500A963A7 /* Messenger */,
			);
		};
/* End PBXProject section */

/* Begin PBXResourcesBuildPhase section */
		D6E9A8CA2A064D6500A963A7 /* Resources */ = {
			isa = PBXResourcesBuildPhase;
			buildActionMask = 2147483647;
			files = (
				D6E9A8DC2A064D6700A963A7 /* LaunchScreen.storyboard in Resources */,
				D6E9A8D92A064D6700A963A7 /* Assets.xcassets in Resources */,
				D6E9A8D72A064D6500A963A7 /* Main.storyboard in Resources */,
				D6B558ED2A07AC410044D9AA /* GoogleService-Info.plist in Resources */,
			);
			runOnlyForDeploymentPostprocessing = 0;
		};
/* End PBXResourcesBuildPhase section */

/* Begin PBXShellScriptBuildPhase section */
		26317816B1F2084FE9B27453 /* [CP] Embed Pods Frameworks */ = {
			isa = PBXShellScriptBuildPhase;
			buildActionMask = 2147483647;
			files = (
			);
			inputFileListPaths = (
				"${PODS_ROOT}/Target Support Files/Pods-Messenger/Pods-Messenger-frameworks-${CONFIGURATION}-input-files.xcfilelist",
			);
			name = "[CP] Embed Pods Frameworks";
			outputFileListPaths = (
				"${PODS_ROOT}/Target Support Files/Pods-Messenger/Pods-Messenger-frameworks-${CONFIGURATION}-output-files.xcfilelist",
			);
			runOnlyForDeploymentPostprocessing = 0;
			shellPath = /bin/sh;
			shellScript = "\"${PODS_ROOT}/Target Support Files/Pods-Messenger/Pods-Messenger-frameworks.sh\"\n";
			showEnvVarsInLog = 0;
		};
		B7925D58997E7BBC83CBB44A /* [CP] Check Pods Manifest.lock */ = {
			isa = PBXShellScriptBuildPhase;
			buildActionMask = 2147483647;
			files = (
			);
			inputFileListPaths = (
			);
			inputPaths = (
				"${PODS_PODFILE_DIR_PATH}/Podfile.lock",
				"${PODS_ROOT}/Manifest.lock",
			);
			name = "[CP] Check Pods Manifest.lock";
			outputFileListPaths = (
			);
			outputPaths = (
				"$(DERIVED_FILE_DIR)/Pods-Messenger-checkManifestLockResult.txt",
			);
			runOnlyForDeploymentPostprocessing = 0;
			shellPath = /bin/sh;
			shellScript = "diff \"${PODS_PODFILE_DIR_PATH}/Podfile.lock\" \"${PODS_ROOT}/Manifest.lock\" > /dev/null\nif [ $? != 0 ] ; then\n    # print error to STDERR\n    echo \"error: The sandbox is not in sync with the Podfile.lock. Run 'pod install' or update your CocoaPods installation.\" >&2\n    exit 1\nfi\n# This output is used by Xcode 'outputs' to avoid re-running this script phase.\necho \"SUCCESS\" > \"${SCRIPT_OUTPUT_FILE_0}\"\n";
			showEnvVarsInLog = 0;
		};
/* End PBXShellScriptBuildPhase section */

/* Begin PBXSourcesBuildPhase section */
		D6E9A8C82A064D6500A963A7 /* Sources */ = {
			isa = PBXSourcesBuildPhase;
			buildActionMask = 2147483647;
			files = (
				D6E235132A0A40F2002EB4F1 /* SettingTableViewController.swift in Sources */,
				D6C550992A08BCC1001DD07A /* FirebaseCollectionReference.swift in Sources */,
				D6BA9E5B2A10E06C004E68A0 /* UsersTableViewController.swift in Sources */,
				D6F8FB802A1A11E2005B892B /* StartConversation.swift in Sources */,
				D6C550942A07D024001DD07A /* User.swift in Sources */,
				D6E9A8D42A064D6500A963A7 /* LoginViewController.swift in Sources */,
				D6BA9E592A10E053004E68A0 /* UsersTableViewCell.swift in Sources */,
				D6B5EB732A0AA2AB0049BEFD /* FileStorageFirebase.swift in Sources */,
				D6BA9E5E2A122A38004E68A0 /* ProfileTableViewController.swift in Sources */,
				D6F8FB822A1A1676005B892B /* RecentListenerFirebase.swift in Sources */,
				D6C550972A07D1E1001DD07A /* Constant.swift in Sources */,
				D6C741432A0A6CFB00B1293B /* EditProfileTableViewController.swift in Sources */,
				D6BA9E502A0B7E0C004E68A0 /* AllExtensions.swift in Sources */,
				D6E9A8D02A064D6500A963A7 /* AppDelegate.swift in Sources */,
				D6BA9E542A0F502C004E68A0 /* StatusTableViewController.swift in Sources */,
				D6BA9E522A0F4575004E68A0 /* Status.swift in Sources */,
				D6F8FB7E2A1A070B005B892B /* ConversationTableViewCell.swift in Sources */,
				D6F8FB842A1AF4A7005B892B /* ChatsTableViewController.swift in Sources */,
				D62262C62A08BE8B003670A9 /* FirebaseUserListener.swift in Sources */,
				D6E9A8D22A064D6500A963A7 /* SceneDelegate.swift in Sources */,
				D6B5EB752A0AAF280049BEFD /* FileStorageHelp .swift in Sources */,
				D6F8FB7B2A19F268005B892B /* RecentConversation.swift in Sources */,
			);
			runOnlyForDeploymentPostprocessing = 0;
		};
/* End PBXSourcesBuildPhase section */

/* Begin PBXVariantGroup section */
		D6E9A8D52A064D6500A963A7 /* Main.storyboard */ = {
			isa = PBXVariantGroup;
			children = (
				D6E9A8D62A064D6500A963A7 /* Base */,
			);
			name = Main.storyboard;
			sourceTree = "<group>";
		};
		D6E9A8DA2A064D6700A963A7 /* LaunchScreen.storyboard */ = {
			isa = PBXVariantGroup;
			children = (
				D6E9A8DB2A064D6700A963A7 /* Base */,
			);
			name = LaunchScreen.storyboard;
			sourceTree = "<group>";
		};
/* End PBXVariantGroup section */

/* Begin XCBuildConfiguration section */
		D6E9A8DE2A064D6700A963A7 /* Debug */ = {
			isa = XCBuildConfiguration;
			buildSettings = {
				ALWAYS_SEARCH_USER_PATHS = NO;
				CLANG_ANALYZER_NONNULL = YES;
				CLANG_ANALYZER_NUMBER_OBJECT_CONVERSION = YES_AGGRESSIVE;
				CLANG_CXX_LANGUAGE_STANDARD = "gnu++20";
				CLANG_ENABLE_MODULES = YES;
				CLANG_ENABLE_OBJC_ARC = YES;
				CLANG_ENABLE_OBJC_WEAK = YES;
				CLANG_WARN_BLOCK_CAPTURE_AUTORELEASING = YES;
				CLANG_WARN_BOOL_CONVERSION = YES;
				CLANG_WARN_COMMA = YES;
				CLANG_WARN_CONSTANT_CONVERSION = YES;
				CLANG_WARN_DEPRECATED_OBJC_IMPLEMENTATIONS = YES;
				CLANG_WARN_DIRECT_OBJC_ISA_USAGE = YES_ERROR;
				CLANG_WARN_DOCUMENTATION_COMMENTS = YES;
				CLANG_WARN_EMPTY_BODY = YES;
				CLANG_WARN_ENUM_CONVERSION = YES;
				CLANG_WARN_INFINITE_RECURSION = YES;
				CLANG_WARN_INT_CONVERSION = YES;
				CLANG_WARN_NON_LITERAL_NULL_CONVERSION = YES;
				CLANG_WARN_OBJC_IMPLICIT_RETAIN_SELF = YES;
				CLANG_WARN_OBJC_LITERAL_CONVERSION = YES;
				CLANG_WARN_OBJC_ROOT_CLASS = YES_ERROR;
				CLANG_WARN_QUOTED_INCLUDE_IN_FRAMEWORK_HEADER = YES;
				CLANG_WARN_RANGE_LOOP_ANALYSIS = YES;
				CLANG_WARN_STRICT_PROTOTYPES = YES;
				CLANG_WARN_SUSPICIOUS_MOVE = YES;
				CLANG_WARN_UNGUARDED_AVAILABILITY = YES_AGGRESSIVE;
				CLANG_WARN_UNREACHABLE_CODE = YES;
				CLANG_WARN__DUPLICATE_METHOD_MATCH = YES;
				COPY_PHASE_STRIP = NO;
				DEBUG_INFORMATION_FORMAT = dwarf;
				ENABLE_STRICT_OBJC_MSGSEND = YES;
				ENABLE_TESTABILITY = YES;
				GCC_C_LANGUAGE_STANDARD = gnu11;
				GCC_DYNAMIC_NO_PIC = NO;
				GCC_NO_COMMON_BLOCKS = YES;
				GCC_OPTIMIZATION_LEVEL = 0;
				GCC_PREPROCESSOR_DEFINITIONS = (
					"DEBUG=1",
					"$(inherited)",
				);
				GCC_WARN_64_TO_32_BIT_CONVERSION = YES;
				GCC_WARN_ABOUT_RETURN_TYPE = YES_ERROR;
				GCC_WARN_UNDECLARED_SELECTOR = YES;
				GCC_WARN_UNINITIALIZED_AUTOS = YES_AGGRESSIVE;
				GCC_WARN_UNUSED_FUNCTION = YES;
				GCC_WARN_UNUSED_VARIABLE = YES;
				IPHONEOS_DEPLOYMENT_TARGET = 16.4;
				MTL_ENABLE_DEBUG_INFO = INCLUDE_SOURCE;
				MTL_FAST_MATH = YES;
				ONLY_ACTIVE_ARCH = YES;
				SDKROOT = iphoneos;
				SWIFT_ACTIVE_COMPILATION_CONDITIONS = DEBUG;
				SWIFT_OPTIMIZATION_LEVEL = "-Onone";
			};
			name = Debug;
		};
		D6E9A8DF2A064D6700A963A7 /* Release */ = {
			isa = XCBuildConfiguration;
			buildSettings = {
				ALWAYS_SEARCH_USER_PATHS = NO;
				CLANG_ANALYZER_NONNULL = YES;
				CLANG_ANALYZER_NUMBER_OBJECT_CONVERSION = YES_AGGRESSIVE;
				CLANG_CXX_LANGUAGE_STANDARD = "gnu++20";
				CLANG_ENABLE_MODULES = YES;
				CLANG_ENABLE_OBJC_ARC = YES;
				CLANG_ENABLE_OBJC_WEAK = YES;
				CLANG_WARN_BLOCK_CAPTURE_AUTORELEASING = YES;
				CLANG_WARN_BOOL_CONVERSION = YES;
				CLANG_WARN_COMMA = YES;
				CLANG_WARN_CONSTANT_CONVERSION = YES;
				CLANG_WARN_DEPRECATED_OBJC_IMPLEMENTATIONS = YES;
				CLANG_WARN_DIRECT_OBJC_ISA_USAGE = YES_ERROR;
				CLANG_WARN_DOCUMENTATION_COMMENTS = YES;
				CLANG_WARN_EMPTY_BODY = YES;
				CLANG_WARN_ENUM_CONVERSION = YES;
				CLANG_WARN_INFINITE_RECURSION = YES;
				CLANG_WARN_INT_CONVERSION = YES;
				CLANG_WARN_NON_LITERAL_NULL_CONVERSION = YES;
				CLANG_WARN_OBJC_IMPLICIT_RETAIN_SELF = YES;
				CLANG_WARN_OBJC_LITERAL_CONVERSION = YES;
				CLANG_WARN_OBJC_ROOT_CLASS = YES_ERROR;
				CLANG_WARN_QUOTED_INCLUDE_IN_FRAMEWORK_HEADER = YES;
				CLANG_WARN_RANGE_LOOP_ANALYSIS = YES;
				CLANG_WARN_STRICT_PROTOTYPES = YES;
				CLANG_WARN_SUSPICIOUS_MOVE = YES;
				CLANG_WARN_UNGUARDED_AVAILABILITY = YES_AGGRESSIVE;
				CLANG_WARN_UNREACHABLE_CODE = YES;
				CLANG_WARN__DUPLICATE_METHOD_MATCH = YES;
				COPY_PHASE_STRIP = NO;
				DEBUG_INFORMATION_FORMAT = "dwarf-with-dsym";
				ENABLE_NS_ASSERTIONS = NO;
				ENABLE_STRICT_OBJC_MSGSEND = YES;
				GCC_C_LANGUAGE_STANDARD = gnu11;
				GCC_NO_COMMON_BLOCKS = YES;
				GCC_WARN_64_TO_32_BIT_CONVERSION = YES;
				GCC_WARN_ABOUT_RETURN_TYPE = YES_ERROR;
				GCC_WARN_UNDECLARED_SELECTOR = YES;
				GCC_WARN_UNINITIALIZED_AUTOS = YES_AGGRESSIVE;
				GCC_WARN_UNUSED_FUNCTION = YES;
				GCC_WARN_UNUSED_VARIABLE = YES;
				IPHONEOS_DEPLOYMENT_TARGET = 16.4;
				MTL_ENABLE_DEBUG_INFO = NO;
				MTL_FAST_MATH = YES;
				SDKROOT = iphoneos;
				SWIFT_COMPILATION_MODE = wholemodule;
				SWIFT_OPTIMIZATION_LEVEL = "-O";
				VALIDATE_PRODUCT = YES;
			};
			name = Release;
		};
		D6E9A8E12A064D6700A963A7 /* Debug */ = {
			isa = XCBuildConfiguration;
			baseConfigurationReference = BEDA19123E87B8C4A1FB6BA4 /* Pods-Messenger.debug.xcconfig */;
			buildSettings = {
				ASSETCATALOG_COMPILER_APPICON_NAME = AppIcon;
				ASSETCATALOG_COMPILER_GLOBAL_ACCENT_COLOR_NAME = AccentColor;
				CODE_SIGN_STYLE = Automatic;
				CURRENT_PROJECT_VERSION = 1;
				GENERATE_INFOPLIST_FILE = YES;
				INFOPLIST_FILE = Messenger/Info.plist;
				INFOPLIST_KEY_UIApplicationSupportsIndirectInputEvents = YES;
				INFOPLIST_KEY_UILaunchStoryboardName = LaunchScreen;
				INFOPLIST_KEY_UIMainStoryboardFile = Main;
				INFOPLIST_KEY_UISupportedInterfaceOrientations_iPad = "UIInterfaceOrientationPortrait UIInterfaceOrientationPortraitUpsideDown UIInterfaceOrientationLandscapeLeft UIInterfaceOrientationLandscapeRight";
				INFOPLIST_KEY_UISupportedInterfaceOrientations_iPhone = "UIInterfaceOrientationPortrait UIInterfaceOrientationLandscapeLeft UIInterfaceOrientationLandscapeRight";
				IPHONEOS_DEPLOYMENT_TARGET = 16.4;
				LD_RUNPATH_SEARCH_PATHS = (
					"$(inherited)",
					"@executable_path/Frameworks",
				);
				MARKETING_VERSION = 1.0;
				PRODUCT_BUNDLE_IDENTIFIER = Cao.Messenger;
				PRODUCT_NAME = "$(TARGET_NAME)";
				SWIFT_EMIT_LOC_STRINGS = YES;
				SWIFT_VERSION = 5.0;
				TARGETED_DEVICE_FAMILY = "1,2";
			};
			name = Debug;
		};
		D6E9A8E22A064D6700A963A7 /* Release */ = {
			isa = XCBuildConfiguration;
			baseConfigurationReference = 4B4B6F1115CFF08BA8ED996E /* Pods-Messenger.release.xcconfig */;
			buildSettings = {
				ASSETCATALOG_COMPILER_APPICON_NAME = AppIcon;
				ASSETCATALOG_COMPILER_GLOBAL_ACCENT_COLOR_NAME = AccentColor;
				CODE_SIGN_STYLE = Automatic;
				CURRENT_PROJECT_VERSION = 1;
				GENERATE_INFOPLIST_FILE = YES;
				INFOPLIST_FILE = Messenger/Info.plist;
				INFOPLIST_KEY_UIApplicationSupportsIndirectInputEvents = YES;
				INFOPLIST_KEY_UILaunchStoryboardName = LaunchScreen;
				INFOPLIST_KEY_UIMainStoryboardFile = Main;
				INFOPLIST_KEY_UISupportedInterfaceOrientations_iPad = "UIInterfaceOrientationPortrait UIInterfaceOrientationPortraitUpsideDown UIInterfaceOrientationLandscapeLeft UIInterfaceOrientationLandscapeRight";
				INFOPLIST_KEY_UISupportedInterfaceOrientations_iPhone = "UIInterfaceOrientationPortrait UIInterfaceOrientationLandscapeLeft UIInterfaceOrientationLandscapeRight";
				IPHONEOS_DEPLOYMENT_TARGET = 16.4;
				LD_RUNPATH_SEARCH_PATHS = (
					"$(inherited)",
					"@executable_path/Frameworks",
				);
				MARKETING_VERSION = 1.0;
				PRODUCT_BUNDLE_IDENTIFIER = Cao.Messenger;
				PRODUCT_NAME = "$(TARGET_NAME)";
				SWIFT_EMIT_LOC_STRINGS = YES;
				SWIFT_VERSION = 5.0;
				TARGETED_DEVICE_FAMILY = "1,2";
			};
			name = Release;
		};
/* End XCBuildConfiguration section */

/* Begin XCConfigurationList section */
		D6E9A8C72A064D6500A963A7 /* Build configuration list for PBXProject "Messenger" */ = {
			isa = XCConfigurationList;
			buildConfigurations = (
				D6E9A8DE2A064D6700A963A7 /* Debug */,
				D6E9A8DF2A064D6700A963A7 /* Release */,
			);
			defaultConfigurationIsVisible = 0;
			defaultConfigurationName = Release;
		};
		D6E9A8E02A064D6700A963A7 /* Build configuration list for PBXNativeTarget "Messenger" */ = {
			isa = XCConfigurationList;
			buildConfigurations = (
				D6E9A8E12A064D6700A963A7 /* Debug */,
				D6E9A8E22A064D6700A963A7 /* Release */,
			);
			defaultConfigurationIsVisible = 0;
			defaultConfigurationName = Release;
		};
/* End XCConfigurationList section */
	};
	rootObject = D6E9A8C42A064D6500A963A7 /* Project object */;
}
